
Microsoft Visual Studio Solution File, Format Version 12.00
# Visual Studio Version 17
VisualStudioVersion = 17.9.34728.123
MinimumVisualStudioVersion = 10.0.40219.1
Project("{FAE04EC0-301F-11D3-BF4B-00C04F79EFBC}") = "Task-Management.API", "Task-Management.API\Task-Management.API.csproj", "{D1A33931-591D-4951-B557-046ECE2E9658}"
EndProject
Project("{FAE04EC0-301F-11D3-BF4B-00C04F79EFBC}") = "Task-Management.Application", "Task-Management.Application\Task-Management.Application.csproj", "{5A761C71-BE66-49CF-AD68-402482304A5B}"
EndProject
Project("{FAE04EC0-301F-11D3-BF4B-00C04F79EFBC}") = "Task-Management.Domain", "Task-Management.Domain\Task-Management.Domain.csproj", "{A8629994-EE5C-49D1-9AD6-FED4CF411CC5}"
EndProject
Project("{FAE04EC0-301F-11D3-BF4B-00C04F79EFBC}") = "Task-Management.Infrastructure", "Task-Management.Infrastructure\Task-Management.Infrastructure.csproj", "{1A8524E9-20B7-46C8-8DBD-08E4BA618405}"
EndProject
Project("{FAE04EC0-301F-11D3-BF4B-00C04F79EFBC}") = "Task-Management.Models", "Task-Management.Models\Task-Management.Models.csproj", "{B8694540-644D-4168-8920-EED1D437C4EF}"
EndProject
Global
	GlobalSection(SolutionConfigurationPlatforms) = preSolution
		Debug|Any CPU = Debug|Any CPU
		Release|Any CPU = Release|Any CPU
	EndGlobalSection
	GlobalSection(ProjectConfigurationPlatforms) = postSolution
		{D1A33931-591D-4951-B557-046ECE2E9658}.Debug|Any CPU.ActiveCfg = Debug|Any CPU
		{D1A33931-591D-4951-B557-046ECE2E9658}.Debug|Any CPU.Build.0 = Debug|Any CPU
		{D1A33931-591D-4951-B557-046ECE2E9658}.Release|Any CPU.ActiveCfg = Release|Any CPU
		{D1A33931-591D-4951-B557-046ECE2E9658}.Release|Any CPU.Build.0 = Release|Any CPU
		{5A761C71-BE66-49CF-AD68-402482304A5B}.Debug|Any CPU.ActiveCfg = Debug|Any CPU
		{5A761C71-BE66-49CF-AD68-402482304A5B}.Debug|Any CPU.Build.0 = Debug|Any CPU
		{5A761C71-BE66-49CF-AD68-402482304A5B}.Release|Any CPU.ActiveCfg = Release|Any CPU
		{5A761C71-BE66-49CF-AD68-402482304A5B}.Release|Any CPU.Build.0 = Release|Any CPU
		{A8629994-EE5C-49D1-9AD6-FED4CF411CC5}.Debug|Any CPU.ActiveCfg = Debug|Any CPU
		{A8629994-EE5C-49D1-9AD6-FED4CF411CC5}.Debug|Any CPU.Build.0 = Debug|Any CPU
		{A8629994-EE5C-49D1-9AD6-FED4CF411CC5}.Release|Any CPU.ActiveCfg = Release|Any CPU
		{A8629994-EE5C-49D1-9AD6-FED4CF411CC5}.Release|Any CPU.Build.0 = Release|Any CPU
		{1A8524E9-20B7-46C8-8DBD-08E4BA618405}.Debug|Any CPU.ActiveCfg = Debug|Any CPU
		{1A8524E9-20B7-46C8-8DBD-08E4BA618405}.Debug|Any CPU.Build.0 = Debug|Any CPU
		{1A8524E9-20B7-46C8-8DBD-08E4BA618405}.Release|Any CPU.ActiveCfg = Release|Any CPU
		{1A8524E9-20B7-46C8-8DBD-08E4BA618405}.Release|Any CPU.Build.0 = Release|Any CPU
		{B8694540-644D-4168-8920-EED1D437C4EF}.Debug|Any CPU.ActiveCfg = Debug|Any CPU
		{B8694540-644D-4168-8920-EED1D437C4EF}.Debug|Any CPU.Build.0 = Debug|Any CPU
		{B8694540-644D-4168-8920-EED1D437C4EF}.Release|Any CPU.ActiveCfg = Release|Any CPU
		{B8694540-644D-4168-8920-EED1D437C4EF}.Release|Any CPU.Build.0 = Release|Any CPU
	EndGlobalSection
	GlobalSection(SolutionProperties) = preSolution
		HideSolutionNode = FALSE
	EndGlobalSection
	GlobalSection(ExtensibilityGlobals) = postSolution
		SolutionGuid = {3CE2BEA7-69C4-4D77-91A7-E6FF34C936BA}
	EndGlobalSection
EndGlobal
